
Microsoft Visual Studio Solution File, Format Version 12.00
# Visual Studio 2013
VisualStudioVersion = 12.0.31101.0
MinimumVisualStudioVersion = 10.0.40219.1
Project("{FAE04EC0-301F-11D3-BF4B-00C04F79EFBC}") = "Problem 1. School classes", "Problem 1. School classes\Problem 1. School classes.csproj", "{F5AD8834-4A2A-4AAF-A28A-2781CE8FA4B5}"
EndProject
Project("{FAE04EC0-301F-11D3-BF4B-00C04F79EFBC}") = "Problem 2. Students and workers", "Problem 2. Students and workers\Problem 2. Students and workers.csproj", "{9E7FFEF4-31CB-46CB-9004-BD9832AF95A6}"
EndProject
Project("{FAE04EC0-301F-11D3-BF4B-00C04F79EFBC}") = "Problem 3. Animal hierarchy", "Problem 3. Animal hierarchy\Problem 3. Animal hierarchy.csproj", "{3FDEDD16-053D-4EF1-95B6-8AEA0BAA9852}"
EndProject
Global
	GlobalSection(SolutionConfigurationPlatforms) = preSolution
		Debug|Any CPU = Debug|Any CPU
		Release|Any CPU = Release|Any CPU
	EndGlobalSection
	GlobalSection(ProjectConfigurationPlatforms) = postSolution
		{F5AD8834-4A2A-4AAF-A28A-2781CE8FA4B5}.Debug|Any CPU.ActiveCfg = Debug|Any CPU
		{F5AD8834-4A2A-4AAF-A28A-2781CE8FA4B5}.Debug|Any CPU.Build.0 = Debug|Any CPU
		{F5AD8834-4A2A-4AAF-A28A-2781CE8FA4B5}.Release|Any CPU.ActiveCfg = Release|Any CPU
		{F5AD8834-4A2A-4AAF-A28A-2781CE8FA4B5}.Release|Any CPU.Build.0 = Release|Any CPU
		{9E7FFEF4-31CB-46CB-9004-BD9832AF95A6}.Debug|Any CPU.ActiveCfg = Debug|Any CPU
		{9E7FFEF4-31CB-46CB-9004-BD9832AF95A6}.Debug|Any CPU.Build.0 = Debug|Any CPU
		{9E7FFEF4-31CB-46CB-9004-BD9832AF95A6}.Release|Any CPU.ActiveCfg = Release|Any CPU
		{9E7FFEF4-31CB-46CB-9004-BD9832AF95A6}.Release|Any CPU.Build.0 = Release|Any CPU
		{3FDEDD16-053D-4EF1-95B6-8AEA0BAA9852}.Debug|Any CPU.ActiveCfg = Debug|Any CPU
		{3FDEDD16-053D-4EF1-95B6-8AEA0BAA9852}.Debug|Any CPU.Build.0 = Debug|Any CPU
		{3FDEDD16-053D-4EF1-95B6-8AEA0BAA9852}.Release|Any CPU.ActiveCfg = Release|Any CPU
		{3FDEDD16-053D-4EF1-95B6-8AEA0BAA9852}.Release|Any CPU.Build.0 = Release|Any CPU
	EndGlobalSection
	GlobalSection(SolutionProperties) = preSolution
		HideSolutionNode = FALSE
	EndGlobalSection
EndGlobal
